// !$*UTF8*$!
{
	archiveVersion = 1;
	classes = {
	};
	objectVersion = 56;
	objects = {

/* Begin PBXBuildFile section */
		C4AE15CB2C84CDDF009DE840 /* ListOfTasksApp.swift in Sources */ = {isa = PBXBuildFile; fileRef = C4AE15CA2C84CDDF009DE840 /* ListOfTasksApp.swift */; };
		C4AE15CD2C84CDDF009DE840 /* ContentView.swift in Sources */ = {isa = PBXBuildFile; fileRef = C4AE15CC2C84CDDF009DE840 /* ContentView.swift */; };
		C4AE15CF2C84CDE0009DE840 /* Assets.xcassets in Resources */ = {isa = PBXBuildFile; fileRef = C4AE15CE2C84CDE0009DE840 /* Assets.xcassets */; };
		C4AE15D22C84CDE0009DE840 /* Preview Assets.xcassets in Resources */ = {isa = PBXBuildFile; fileRef = C4AE15D12C84CDE0009DE840 /* Preview Assets.xcassets */; };
		C4AE15DC2C84CDE0009DE840 /* ListOfTasksTests.swift in Sources */ = {isa = PBXBuildFile; fileRef = C4AE15DB2C84CDE0009DE840 /* ListOfTasksTests.swift */; };
		C4AE15E62C84CDE0009DE840 /* ListOfTasksUITests.swift in Sources */ = {isa = PBXBuildFile; fileRef = C4AE15E52C84CDE0009DE840 /* ListOfTasksUITests.swift */; };
		C4AE15E82C84CDE0009DE840 /* ListOfTasksUITestsLaunchTests.swift in Sources */ = {isa = PBXBuildFile; fileRef = C4AE15E72C84CDE0009DE840 /* ListOfTasksUITestsLaunchTests.swift */; };
/* End PBXBuildFile section */

/* Begin PBXContainerItemProxy section */
		C4AE15D82C84CDE0009DE840 /* PBXContainerItemProxy */ = {
			isa = PBXContainerItemProxy;
			containerPortal = C4AE15BF2C84CDDF009DE840 /* Project object */;
			proxyType = 1;
			remoteGlobalIDString = C4AE15C62C84CDDF009DE840;
			remoteInfo = ListOfTasks;
		};
		C4AE15E22C84CDE0009DE840 /* PBXContainerItemProxy */ = {
			isa = PBXContainerItemProxy;
			containerPortal = C4AE15BF2C84CDDF009DE840 /* Project object */;
			proxyType = 1;
			remoteGlobalIDString = C4AE15C62C84CDDF009DE840;
			remoteInfo = ListOfTasks;
		};
/* End PBXContainerItemProxy section */

/* Begin PBXFileReference section */
		C4AE15C72C84CDDF009DE840 /* ListOfTasks.app */ = {isa = PBXFileReference; explicitFileType = wrapper.application; includeInIndex = 0; path = ListOfTasks.app; sourceTree = BUILT_PRODUCTS_DIR; };
		C4AE15CA2C84CDDF009DE840 /* ListOfTasksApp.swift */ = {isa = PBXFileReference; lastKnownFileType = sourcecode.swift; path = ListOfTasksApp.swift; sourceTree = "<group>"; };
		C4AE15CC2C84CDDF009DE840 /* ContentView.swift */ = {isa = PBXFileReference; lastKnownFileType = sourcecode.swift; path = ContentView.swift; sourceTree = "<group>"; };
		C4AE15CE2C84CDE0009DE840 /* Assets.xcassets */ = {isa = PBXFileReference; lastKnownFileType = folder.assetcatalog; path = Assets.xcassets; sourceTree = "<group>"; };
		C4AE15D12C84CDE0009DE840 /* Preview Assets.xcassets */ = {isa = PBXFileReference; lastKnownFileType = folder.assetcatalog; path = "Preview Assets.xcassets"; sourceTree = "<group>"; };
		C4AE15D72C84CDE0009DE840 /* ListOfTasksTests.xctest */ = {isa = PBXFileReference; explicitFileType = wrapper.cfbundle; includeInIndex = 0; path = ListOfTasksTests.xctest; sourceTree = BUILT_PRODUCTS_DIR; };
		C4AE15DB2C84CDE0009DE840 /* ListOfTasksTests.swift */ = {isa = PBXFileReference; lastKnownFileType = sourcecode.swift; path = ListOfTasksTests.swift; sourceTree = "<group>"; };
		C4AE15E12C84CDE0009DE840 /* ListOfTasksUITests.xctest */ = {isa = PBXFileReference; explicitFileType = wrapper.cfbundle; includeInIndex = 0; path = ListOfTasksUITests.xctest; sourceTree = BUILT_PRODUCTS_DIR; };
		C4AE15E52C84CDE0009DE840 /* ListOfTasksUITests.swift */ = {isa = PBXFileReference; lastKnownFileType = sourcecode.swift; path = ListOfTasksUITests.swift; sourceTree = "<group>"; };
		C4AE15E72C84CDE0009DE840 /* ListOfTasksUITestsLaunchTests.swift */ = {isa = PBXFileReference; lastKnownFileType = sourcecode.swift; path = ListOfTasksUITestsLaunchTests.swift; sourceTree = "<group>"; };
/* End PBXFileReference section */

/* Begin PBXFrameworksBuildPhase section */
		C4AE15C42C84CDDF009DE840 /* Frameworks */ = {
			isa = PBXFrameworksBuildPhase;
			buildActionMask = 2147483647;
			files = (
			);
			runOnlyForDeploymentPostprocessing = 0;
		};
		C4AE15D42C84CDE0009DE840 /* Frameworks */ = {
			isa = PBXFrameworksBuildPhase;
			buildActionMask = 2147483647;
			files = (
			);
			runOnlyForDeploymentPostprocessing = 0;
		};
		C4AE15DE2C84CDE0009DE840 /* Frameworks */ = {
			isa = PBXFrameworksBuildPhase;
			buildActionMask = 2147483647;
			files = (
			);
			runOnlyForDeploymentPostprocessing = 0;
		};
/* End PBXFrameworksBuildPhase section */

/* Begin PBXGroup section */
		C4AE15BE2C84CDDF009DE840 = {
			isa = PBXGroup;
			children = (
				C4AE15C92C84CDDF009DE840 /* ListOfTasks */,
				C4AE15DA2C84CDE0009DE840 /* ListOfTasksTests */,
				C4AE15E42C84CDE0009DE840 /* ListOfTasksUITests */,
				C4AE15C82C84CDDF009DE840 /* Products */,
			);
			sourceTree = "<group>";
		};
		C4AE15C82C84CDDF009DE840 /* Products */ = {
			isa = PBXGroup;
			children = (
				C4AE15C72C84CDDF009DE840 /* ListOfTasks.app */,
				C4AE15D72C84CDE0009DE840 /* ListOfTasksTests.xctest */,
				C4AE15E12C84CDE0009DE840 /* ListOfTasksUITests.xctest */,
			);
			name = Products;
			sourceTree = "<group>";
		};
		C4AE15C92C84CDDF009DE840 /* ListOfTasks */ = {
			isa = PBXGroup;
			children = (
				C4AE15CA2C84CDDF009DE840 /* ListOfTasksApp.swift */,
				C4AE15CC2C84CDDF009DE840 /* ContentView.swift */,
				C4AE15CE2C84CDE0009DE840 /* Assets.xcassets */,
				C4AE15D02C84CDE0009DE840 /* Preview Content */,
			);
			path = ListOfTasks;
			sourceTree = "<group>";
		};
		C4AE15D02C84CDE0009DE840 /* Preview Content */ = {
			isa = PBXGroup;
			children = (
				C4AE15D12C84CDE0009DE840 /* Preview Assets.xcassets */,
			);
			path = "Preview Content";
			sourceTree = "<group>";
		};
		C4AE15DA2C84CDE0009DE840 /* ListOfTasksTests */ = {
			isa = PBXGroup;
			children = (
				C4AE15DB2C84CDE0009DE840 /* ListOfTasksTests.swift */,
			);
			path = ListOfTasksTests;
			sourceTree = "<group>";
		};
		C4AE15E42C84CDE0009DE840 /* ListOfTasksUITests */ = {
			isa = PBXGroup;
			children = (
				C4AE15E52C84CDE0009DE840 /* ListOfTasksUITests.swift */,
				C4AE15E72C84CDE0009DE840 /* ListOfTasksUITestsLaunchTests.swift */,
			);
			path = ListOfTasksUITests;
			sourceTree = "<group>";
		};
/* End PBXGroup section */

/* Begin PBXNativeTarget section */
		C4AE15C62C84CDDF009DE840 /* ListOfTasks */ = {
			isa = PBXNativeTarget;
			buildConfigurationList = C4AE15EB2C84CDE0009DE840 /* Build configuration list for PBXNativeTarget "ListOfTasks" */;
			buildPhases = (
				C4AE15C32C84CDDF009DE840 /* Sources */,
				C4AE15C42C84CDDF009DE840 /* Frameworks */,
				C4AE15C52C84CDDF009DE840 /* Resources */,
			);
			buildRules = (
			);
			dependencies = (
			);
			name = ListOfTasks;
			productName = ListOfTasks;
			productReference = C4AE15C72C84CDDF009DE840 /* ListOfTasks.app */;
			productType = "com.apple.product-type.application";
		};
		C4AE15D62C84CDE0009DE840 /* ListOfTasksTests */ = {
			isa = PBXNativeTarget;
			buildConfigurationList = C4AE15EE2C84CDE0009DE840 /* Build configuration list for PBXNativeTarget "ListOfTasksTests" */;
			buildPhases = (
				C4AE15D32C84CDE0009DE840 /* Sources */,
				C4AE15D42C84CDE0009DE840 /* Frameworks */,
				C4AE15D52C84CDE0009DE840 /* Resources */,
			);
			buildRules = (
			);
			dependencies = (
				C4AE15D92C84CDE0009DE840 /* PBXTargetDependency */,
			);
			name = ListOfTasksTests;
			productName = ListOfTasksTests;
			productReference = C4AE15D72C84CDE0009DE840 /* ListOfTasksTests.xctest */;
			productType = "com.apple.product-type.bundle.unit-test";
		};
		C4AE15E02C84CDE0009DE840 /* ListOfTasksUITests */ = {
			isa = PBXNativeTarget;
			buildConfigurationList = C4AE15F12C84CDE0009DE840 /* Build configuration list for PBXNativeTarget "ListOfTasksUITests" */;
			buildPhases = (
				C4AE15DD2C84CDE0009DE840 /* Sources */,
				C4AE15DE2C84CDE0009DE840 /* Frameworks */,
				C4AE15DF2C84CDE0009DE840 /* Resources */,
			);
			buildRules = (
			);
			dependencies = (
				C4AE15E32C84CDE0009DE840 /* PBXTargetDependency */,
			);
			name = ListOfTasksUITests;
			productName = ListOfTasksUITests;
			productReference = C4AE15E12C84CDE0009DE840 /* ListOfTasksUITests.xctest */;
			productType = "com.apple.product-type.bundle.ui-testing";
		};
/* End PBXNativeTarget section */

/* Begin PBXProject section */
		C4AE15BF2C84CDDF009DE840 /* Project object */ = {
			isa = PBXProject;
			attributes = {
				BuildIndependentTargetsInParallel = 1;
				LastSwiftUpdateCheck = 1530;
				LastUpgradeCheck = 1530;
				TargetAttributes = {
					C4AE15C62C84CDDF009DE840 = {
						CreatedOnToolsVersion = 15.3;
					};
					C4AE15D62C84CDE0009DE840 = {
						CreatedOnToolsVersion = 15.3;
						TestTargetID = C4AE15C62C84CDDF009DE840;
					};
					C4AE15E02C84CDE0009DE840 = {
						CreatedOnToolsVersion = 15.3;
						TestTargetID = C4AE15C62C84CDDF009DE840;
					};
				};
			};
			buildConfigurationList = C4AE15C22C84CDDF009DE840 /* Build configuration list for PBXProject "ListOfTasks" */;
			compatibilityVersion = "Xcode 14.0";
			developmentRegion = en;
			hasScannedForEncodings = 0;
			knownRegions = (
				en,
				Base,
			);
			mainGroup = C4AE15BE2C84CDDF009DE840;
			productRefGroup = C4AE15C82C84CDDF009DE840 /* Products */;
			projectDirPath = "";
			projectRoot = "";
			targets = (
				C4AE15C62C84CDDF009DE840 /* ListOfTasks */,
				C4AE15D62C84CDE0009DE840 /* ListOfTasksTests */,
				C4AE15E02C84CDE0009DE840 /* ListOfTasksUITests */,
			);
		};
/* End PBXProject section */

/* Begin PBXResourcesBuildPhase section */
		C4AE15C52C84CDDF009DE840 /* Resources */ = {
			isa = PBXResourcesBuildPhase;
			buildActionMask = 2147483647;
			files = (
				C4AE15D22C84CDE0009DE840 /* Preview Assets.xcassets in Resources */,
				C4AE15CF2C84CDE0009DE840 /* Assets.xcassets in Resources */,
			);
			runOnlyForDeploymentPostprocessing = 0;
		};
		C4AE15D52C84CDE0009DE840 /* Resources */ = {
			isa = PBXResourcesBuildPhase;
			buildActionMask = 2147483647;
			files = (
			);
			runOnlyForDeploymentPostprocessing = 0;
		};
		C4AE15DF2C84CDE0009DE840 /* Resources */ = {
			isa = PBXResourcesBuildPhase;
			buildActionMask = 2147483647;
			files = (
			);
			runOnlyForDeploymentPostprocessing = 0;
		};
/* End PBXResourcesBuildPhase section */

/* Begin PBXSourcesBuildPhase section */
		C4AE15C32C84CDDF009DE840 /* Sources */ = {
			isa = PBXSourcesBuildPhase;
			buildActionMask = 2147483647;
			files = (
				C4AE15CD2C84CDDF009DE840 /* ContentView.swift in Sources */,
				C4AE15CB2C84CDDF009DE840 /* ListOfTasksApp.swift in Sources */,
			);
			runOnlyForDeploymentPostprocessing = 0;
		};
		C4AE15D32C84CDE0009DE840 /* Sources */ = {
			isa = PBXSourcesBuildPhase;
			buildActionMask = 2147483647;
			files = (
				C4AE15DC2C84CDE0009DE840 /* ListOfTasksTests.swift in Sources */,
			);
			runOnlyForDeploymentPostprocessing = 0;
		};
		C4AE15DD2C84CDE0009DE840 /* Sources */ = {
			isa = PBXSourcesBuildPhase;
			buildActionMask = 2147483647;
			files = (
				C4AE15E82C84CDE0009DE840 /* ListOfTasksUITestsLaunchTests.swift in Sources */,
				C4AE15E62C84CDE0009DE840 /* ListOfTasksUITests.swift in Sources */,
			);
			runOnlyForDeploymentPostprocessing = 0;
		};
/* End PBXSourcesBuildPhase section */

/* Begin PBXTargetDependency section */
		C4AE15D92C84CDE0009DE840 /* PBXTargetDependency */ = {
			isa = PBXTargetDependency;
			target = C4AE15C62C84CDDF009DE840 /* ListOfTasks */;
			targetProxy = C4AE15D82C84CDE0009DE840 /* PBXContainerItemProxy */;
		};
		C4AE15E32C84CDE0009DE840 /* PBXTargetDependency */ = {
			isa = PBXTargetDependency;
			target = C4AE15C62C84CDDF009DE840 /* ListOfTasks */;
			targetProxy = C4AE15E22C84CDE0009DE840 /* PBXContainerItemProxy */;
		};
/* End PBXTargetDependency section */

/* Begin XCBuildConfiguration section */
		C4AE15E92C84CDE0009DE840 /* Debug */ = {
			isa = XCBuildConfiguration;
			buildSettings = {
				ALWAYS_SEARCH_USER_PATHS = NO;
				ASSETCATALOG_COMPILER_GENERATE_SWIFT_ASSET_SYMBOL_EXTENSIONS = YES;
				CLANG_ANALYZER_NONNULL = YES;
				CLANG_ANALYZER_NUMBER_OBJECT_CONVERSION = YES_AGGRESSIVE;
				CLANG_CXX_LANGUAGE_STANDARD = "gnu++20";
				CLANG_ENABLE_MODULES = YES;
				CLANG_ENABLE_OBJC_ARC = YES;
				CLANG_ENABLE_OBJC_WEAK = YES;
				CLANG_WARN_BLOCK_CAPTURE_AUTORELEASING = YES;
				CLANG_WARN_BOOL_CONVERSION = YES;
				CLANG_WARN_COMMA = YES;
				CLANG_WARN_CONSTANT_CONVERSION = YES;
				CLANG_WARN_DEPRECATED_OBJC_IMPLEMENTATIONS = YES;
				CLANG_WARN_DIRECT_OBJC_ISA_USAGE = YES_ERROR;
				CLANG_WARN_DOCUMENTATION_COMMENTS = YES;
				CLANG_WARN_EMPTY_BODY = YES;
				CLANG_WARN_ENUM_CONVERSION = YES;
				CLANG_WARN_INFINITE_RECURSION = YES;
				CLANG_WARN_INT_CONVERSION = YES;
				CLANG_WARN_NON_LITERAL_NULL_CONVERSION = YES;
				CLANG_WARN_OBJC_IMPLICIT_RETAIN_SELF = YES;
				CLANG_WARN_OBJC_LITERAL_CONVERSION = YES;
				CLANG_WARN_OBJC_ROOT_CLASS = YES_ERROR;
				CLANG_WARN_QUOTED_INCLUDE_IN_FRAMEWORK_HEADER = YES;
				CLANG_WARN_RANGE_LOOP_ANALYSIS = YES;
				CLANG_WARN_STRICT_PROTOTYPES = YES;
				CLANG_WARN_SUSPICIOUS_MOVE = YES;
				CLANG_WARN_UNGUARDED_AVAILABILITY = YES_AGGRESSIVE;
				CLANG_WARN_UNREACHABLE_CODE = YES;
				CLANG_WARN__DUPLICATE_METHOD_MATCH = YES;
				COPY_PHASE_STRIP = NO;
				DEBUG_INFORMATION_FORMAT = dwarf;
				ENABLE_STRICT_OBJC_MSGSEND = YES;
				ENABLE_TESTABILITY = YES;
				ENABLE_USER_SCRIPT_SANDBOXING = YES;
				GCC_C_LANGUAGE_STANDARD = gnu17;
				GCC_DYNAMIC_NO_PIC = NO;
				GCC_NO_COMMON_BLOCKS = YES;
				GCC_OPTIMIZATION_LEVEL = 0;
				GCC_PREPROCESSOR_DEFINITIONS = (
					"DEBUG=1",
					"$(inherited)",
				);
				GCC_WARN_64_TO_32_BIT_CONVERSION = YES;
				GCC_WARN_ABOUT_RETURN_TYPE = YES_ERROR;
				GCC_WARN_UNDECLARED_SELECTOR = YES;
				GCC_WARN_UNINITIALIZED_AUTOS = YES_AGGRESSIVE;
				GCC_WARN_UNUSED_FUNCTION = YES;
				GCC_WARN_UNUSED_VARIABLE = YES;
				IPHONEOS_DEPLOYMENT_TARGET = 17.4;
				LOCALIZATION_PREFERS_STRING_CATALOGS = YES;
				MTL_ENABLE_DEBUG_INFO = INCLUDE_SOURCE;
				MTL_FAST_MATH = YES;
				ONLY_ACTIVE_ARCH = YES;
				SDKROOT = iphoneos;
				SWIFT_ACTIVE_COMPILATION_CONDITIONS = "DEBUG $(inherited)";
				SWIFT_OPTIMIZATION_LEVEL = "-Onone";
			};
			name = Debug;
		};
		C4AE15EA2C84CDE0009DE840 /* Release */ = {
			isa = XCBuildConfiguration;
			buildSettings = {
				ALWAYS_SEARCH_USER_PATHS = NO;
				ASSETCATALOG_COMPILER_GENERATE_SWIFT_ASSET_SYMBOL_EXTENSIONS = YES;
				CLANG_ANALYZER_NONNULL = YES;
				CLANG_ANALYZER_NUMBER_OBJECT_CONVERSION = YES_AGGRESSIVE;
				CLANG_CXX_LANGUAGE_STANDARD = "gnu++20";
				CLANG_ENABLE_MODULES = YES;
				CLANG_ENABLE_OBJC_ARC = YES;
				CLANG_ENABLE_OBJC_WEAK = YES;
				CLANG_WARN_BLOCK_CAPTURE_AUTORELEASING = YES;
				CLANG_WARN_BOOL_CONVERSION = YES;
				CLANG_WARN_COMMA = YES;
				CLANG_WARN_CONSTANT_CONVERSION = YES;
				CLANG_WARN_DEPRECATED_OBJC_IMPLEMENTATIONS = YES;
				CLANG_WARN_DIRECT_OBJC_ISA_USAGE = YES_ERROR;
				CLANG_WARN_DOCUMENTATION_COMMENTS = YES;
				CLANG_WARN_EMPTY_BODY = YES;
				CLANG_WARN_ENUM_CONVERSION = YES;
				CLANG_WARN_INFINITE_RECURSION = YES;
				CLANG_WARN_INT_CONVERSION = YES;
				CLANG_WARN_NON_LITERAL_NULL_CONVERSION = YES;
				CLANG_WARN_OBJC_IMPLICIT_RETAIN_SELF = YES;
				CLANG_WARN_OBJC_LITERAL_CONVERSION = YES;
				CLANG_WARN_OBJC_ROOT_CLASS = YES_ERROR;
				CLANG_WARN_QUOTED_INCLUDE_IN_FRAMEWORK_HEADER = YES;
				CLANG_WARN_RANGE_LOOP_ANALYSIS = YES;
				CLANG_WARN_STRICT_PROTOTYPES = YES;
				CLANG_WARN_SUSPICIOUS_MOVE = YES;
				CLANG_WARN_UNGUARDED_AVAILABILITY = YES_AGGRESSIVE;
				CLANG_WARN_UNREACHABLE_CODE = YES;
				CLANG_WARN__DUPLICATE_METHOD_MATCH = YES;
				COPY_PHASE_STRIP = NO;
				DEBUG_INFORMATION_FORMAT = "dwarf-with-dsym";
				ENABLE_NS_ASSERTIONS = NO;
				ENABLE_STRICT_OBJC_MSGSEND = YES;
				ENABLE_USER_SCRIPT_SANDBOXING = YES;
				GCC_C_LANGUAGE_STANDARD = gnu17;
				GCC_NO_COMMON_BLOCKS = YES;
				GCC_WARN_64_TO_32_BIT_CONVERSION = YES;
				GCC_WARN_ABOUT_RETURN_TYPE = YES_ERROR;
				GCC_WARN_UNDECLARED_SELECTOR = YES;
				GCC_WARN_UNINITIALIZED_AUTOS = YES_AGGRESSIVE;
				GCC_WARN_UNUSED_FUNCTION = YES;
				GCC_WARN_UNUSED_VARIABLE = YES;
				IPHONEOS_DEPLOYMENT_TARGET = 17.4;
				LOCALIZATION_PREFERS_STRING_CATALOGS = YES;
				MTL_ENABLE_DEBUG_INFO = NO;
				MTL_FAST_MATH = YES;
				SDKROOT = iphoneos;
				SWIFT_COMPILATION_MODE = wholemodule;
				VALIDATE_PRODUCT = YES;
			};
			name = Release;
		};
		C4AE15EC2C84CDE0009DE840 /* Debug */ = {
			isa = XCBuildConfiguration;
			buildSettings = {
				ASSETCATALOG_COMPILER_APPICON_NAME = AppIcon;
				ASSETCATALOG_COMPILER_GLOBAL_ACCENT_COLOR_NAME = AccentColor;
				CODE_SIGN_STYLE = Automatic;
				CURRENT_PROJECT_VERSION = 1;
				DEVELOPMENT_ASSET_PATHS = "\"ListOfTasks/Preview Content\"";
				DEVELOPMENT_TEAM = BS839KG766;
				ENABLE_PREVIEWS = YES;
				GENERATE_INFOPLIST_FILE = YES;
				INFOPLIST_KEY_UIApplicationSceneManifest_Generation = YES;
				INFOPLIST_KEY_UIApplicationSupportsIndirectInputEvents = YES;
				INFOPLIST_KEY_UILaunchScreen_Generation = YES;
				INFOPLIST_KEY_UISupportedInterfaceOrientations_iPad = "UIInterfaceOrientationPortrait UIInterfaceOrientationPortraitUpsideDown UIInterfaceOrientationLandscapeLeft UIInterfaceOrientationLandscapeRight";
				INFOPLIST_KEY_UISupportedInterfaceOrientations_iPhone = "UIInterfaceOrientationPortrait UIInterfaceOrientationLandscapeLeft UIInterfaceOrientationLandscapeRight";
				LD_RUNPATH_SEARCH_PATHS = (
					"$(inherited)",
					"@executable_path/Frameworks",
				);
				MARKETING_VERSION = 1.0;
				PRODUCT_BUNDLE_IDENTIFIER = JG.ListOfTasks;
				PRODUCT_NAME = "$(TARGET_NAME)";
				SWIFT_EMIT_LOC_STRINGS = YES;
				SWIFT_VERSION = 5.0;
				TARGETED_DEVICE_FAMILY = "1,2";
			};
			name = Debug;
		};
		C4AE15ED2C84CDE0009DE840 /* Release */ = {
			isa = XCBuildConfiguration;
			buildSettings = {
				ASSETCATALOG_COMPILER_APPICON_NAME = AppIcon;
				ASSETCATALOG_COMPILER_GLOBAL_ACCENT_COLOR_NAME = AccentColor;
				CODE_SIGN_STYLE = Automatic;
				CURRENT_PROJECT_VERSION = 1;
				DEVELOPMENT_ASSET_PATHS = "\"ListOfTasks/Preview Content\"";
				DEVELOPMENT_TEAM = BS839KG766;
				ENABLE_PREVIEWS = YES;
				GENERATE_INFOPLIST_FILE = YES;
				INFOPLIST_KEY_UIApplicationSceneManifest_Generation = YES;
				INFOPLIST_KEY_UIApplicationSupportsIndirectInputEvents = YES;
				INFOPLIST_KEY_UILaunchScreen_Generation = YES;
				INFOPLIST_KEY_UISupportedInterfaceOrientations_iPad = "UIInterfaceOrientationPortrait UIInterfaceOrientationPortraitUpsideDown UIInterfaceOrientationLandscapeLeft UIInterfaceOrientationLandscapeRight";
				INFOPLIST_KEY_UISupportedInterfaceOrientations_iPhone = "UIInterfaceOrientationPortrait UIInterfaceOrientationLandscapeLeft UIInterfaceOrientationLandscapeRight";
				LD_RUNPATH_SEARCH_PATHS = (
					"$(inherited)",
					"@executable_path/Frameworks",
				);
				MARKETING_VERSION = 1.0;
				PRODUCT_BUNDLE_IDENTIFIER = JG.ListOfTasks;
				PRODUCT_NAME = "$(TARGET_NAME)";
				SWIFT_EMIT_LOC_STRINGS = YES;
				SWIFT_VERSION = 5.0;
				TARGETED_DEVICE_FAMILY = "1,2";
			};
			name = Release;
		};
		C4AE15EF2C84CDE0009DE840 /* Debug */ = {
			isa = XCBuildConfiguration;
			buildSettings = {
				ALWAYS_EMBED_SWIFT_STANDARD_LIBRARIES = YES;
				BUNDLE_LOADER = "$(TEST_HOST)";
				CODE_SIGN_STYLE = Automatic;
				CURRENT_PROJECT_VERSION = 1;
				DEVELOPMENT_TEAM = BS839KG766;
				GENERATE_INFOPLIST_FILE = YES;
				IPHONEOS_DEPLOYMENT_TARGET = 17.4;
				MARKETING_VERSION = 1.0;
				PRODUCT_BUNDLE_IDENTIFIER = JG.ListOfTasksTests;
				PRODUCT_NAME = "$(TARGET_NAME)";
				SWIFT_EMIT_LOC_STRINGS = NO;
				SWIFT_VERSION = 5.0;
				TARGETED_DEVICE_FAMILY = "1,2";
				TEST_HOST = "$(BUILT_PRODUCTS_DIR)/ListOfTasks.app/$(BUNDLE_EXECUTABLE_FOLDER_PATH)/ListOfTasks";
			};
			name = Debug;
		};
		C4AE15F02C84CDE0009DE840 /* Release */ = {
			isa = XCBuildConfiguration;
			buildSettings = {
				ALWAYS_EMBED_SWIFT_STANDARD_LIBRARIES = YES;
				BUNDLE_LOADER = "$(TEST_HOST)";
				CODE_SIGN_STYLE = Automatic;
				CURRENT_PROJECT_VERSION = 1;
				DEVELOPMENT_TEAM = BS839KG766;
				GENERATE_INFOPLIST_FILE = YES;
				IPHONEOS_DEPLOYMENT_TARGET = 17.4;
				MARKETING_VERSION = 1.0;
				PRODUCT_BUNDLE_IDENTIFIER = JG.ListOfTasksTests;
				PRODUCT_NAME = "$(TARGET_NAME)";
				SWIFT_EMIT_LOC_STRINGS = NO;
				SWIFT_VERSION = 5.0;
				TARGETED_DEVICE_FAMILY = "1,2";
				TEST_HOST = "$(BUILT_PRODUCTS_DIR)/ListOfTasks.app/$(BUNDLE_EXECUTABLE_FOLDER_PATH)/ListOfTasks";
			};
			name = Release;
		};
		C4AE15F22C84CDE0009DE840 /* Debug */ = {
			isa = XCBuildConfiguration;
			buildSettings = {
				ALWAYS_EMBED_SWIFT_STANDARD_LIBRARIES = YES;
				CODE_SIGN_STYLE = Automatic;
				CURRENT_PROJECT_VERSION = 1;
				DEVELOPMENT_TEAM = BS839KG766;
				GENERATE_INFOPLIST_FILE = YES;
				MARKETING_VERSION = 1.0;
				PRODUCT_BUNDLE_IDENTIFIER = JG.ListOfTasksUITests;
				PRODUCT_NAME = "$(TARGET_NAME)";
				SWIFT_EMIT_LOC_STRINGS = NO;
				SWIFT_VERSION = 5.0;
				TARGETED_DEVICE_FAMILY = "1,2";
				TEST_TARGET_NAME = ListOfTasks;
			};
			name = Debug;
		};
		C4AE15F32C84CDE0009DE840 /* Release */ = {
			isa = XCBuildConfiguration;
			buildSettings = {
				ALWAYS_EMBED_SWIFT_STANDARD_LIBRARIES = YES;
				CODE_SIGN_STYLE = Automatic;
				CURRENT_PROJECT_VERSION = 1;
				DEVELOPMENT_TEAM = BS839KG766;
				GENERATE_INFOPLIST_FILE = YES;
				MARKETING_VERSION = 1.0;
				PRODUCT_BUNDLE_IDENTIFIER = JG.ListOfTasksUITests;
				PRODUCT_NAME = "$(TARGET_NAME)";
				SWIFT_EMIT_LOC_STRINGS = NO;
				SWIFT_VERSION = 5.0;
				TARGETED_DEVICE_FAMILY = "1,2";
				TEST_TARGET_NAME = ListOfTasks;
			};
			name = Release;
		};
/* End XCBuildConfiguration section */

/* Begin XCConfigurationList section */
		C4AE15C22C84CDDF009DE840 /* Build configuration list for PBXProject "ListOfTasks" */ = {
			isa = XCConfigurationList;
			buildConfigurations = (
				C4AE15E92C84CDE0009DE840 /* Debug */,
				C4AE15EA2C84CDE0009DE840 /* Release */,
			);
			defaultConfigurationIsVisible = 0;
			defaultConfigurationName = Release;
		};
		C4AE15EB2C84CDE0009DE840 /* Build configuration list for PBXNativeTarget "ListOfTasks" */ = {
			isa = XCConfigurationList;
			buildConfigurations = (
				C4AE15EC2C84CDE0009DE840 /* Debug */,
				C4AE15ED2C84CDE0009DE840 /* Release */,
			);
			defaultConfigurationIsVisible = 0;
			defaultConfigurationName = Release;
		};
		C4AE15EE2C84CDE0009DE840 /* Build configuration list for PBXNativeTarget "ListOfTasksTests" */ = {
			isa = XCConfigurationList;
			buildConfigurations = (
				C4AE15EF2C84CDE0009DE840 /* Debug */,
				C4AE15F02C84CDE0009DE840 /* Release */,
			);
			defaultConfigurationIsVisible = 0;
			defaultConfigurationName = Release;
		};
		C4AE15F12C84CDE0009DE840 /* Build configuration list for PBXNativeTarget "ListOfTasksUITests" */ = {
			isa = XCConfigurationList;
			buildConfigurations = (
				C4AE15F22C84CDE0009DE840 /* Debug */,
				C4AE15F32C84CDE0009DE840 /* Release */,
			);
			defaultConfigurationIsVisible = 0;
			defaultConfigurationName = Release;
		};
/* End XCConfigurationList section */
	};
	rootObject = C4AE15BF2C84CDDF009DE840 /* Project object */;
}
